
Microsoft Visual Studio Solution File, Format Version 11.00
# Visual C# Express 2010
Project("{FAE04EC0-301F-11D3-BF4B-00C04F79EFBC}") = "irobot", "irobot\irobot.csproj", "{97F5CA7E-46DB-4CDF-8221-AA3D557B6223}"
EndProject
Global
	GlobalSection(SolutionConfigurationPlatforms) = preSolution
		Debug|x86 = Debug|x86
		Release|x86 = Release|x86
	EndGlobalSection
	GlobalSection(ProjectConfigurationPlatforms) = postSolution
		{97F5CA7E-46DB-4CDF-8221-AA3D557B6223}.Debug|x86.ActiveCfg = Debug|x86
		{97F5CA7E-46DB-4CDF-8221-AA3D557B6223}.Debug|x86.Build.0 = Debug|x86
		{97F5CA7E-46DB-4CDF-8221-AA3D557B6223}.Release|x86.ActiveCfg = Release|x86
		{97F5CA7E-46DB-4CDF-8221-AA3D557B6223}.Release|x86.Build.0 = Release|x86
	EndGlobalSection
	GlobalSection(SolutionProperties) = preSolution
		HideSolutionNode = FALSE
	EndGlobalSection
EndGlobal
